
Microsoft Visual Studio Solution File, Format Version 12.00
# Visual Studio 15
VisualStudioVersion = 15.0.27703.2000
MinimumVisualStudioVersion = 10.0.40219.1
Project("{9A19103F-16F7-4668-BE54-9A1E7A4F7556}") = "Janus.Gui", "Janus.Gui\Janus.Gui.csproj", "{CA066242-51E3-4C4B-945D-FDE186A75FD4}"
EndProject
Project("{2150E333-8FDC-42A3-9474-1A3956D46DE8}") = "Solution Items", "Solution Items", "{AC808F8D-91C4-48D7-AD54-C20F23AA1720}"
	ProjectSection(SolutionItems) = preProject
		readme.md = readme.md
	EndProjectSection
EndProject
Project("{9A19103F-16F7-4668-BE54-9A1E7A4F7556}") = "Janus.Domain", "Janus.DOmain\Janus.Domain.csproj", "{BE3C5E8D-C4E6-4F5D-8BA2-906372BE0961}"
EndProject
Project("{2150E333-8FDC-42A3-9474-1A3956D46DE8}") = "src", "src", "{FACF0F4F-1527-4438-9C51-7AAC8648F6B7}"
EndProject
Project("{9A19103F-16F7-4668-BE54-9A1E7A4F7556}") = "Janus.Application", "Janus.Application\Janus.Application.csproj", "{7DC17475-BEA7-49D9-B0A0-EDEB45798EB3}"
EndProject
Project("{9A19103F-16F7-4668-BE54-9A1E7A4F7556}") = "Janus.Persistence", "Janus.Persistence\Janus.Persistence.csproj", "{A5C642CC-CFBF-4FA1-B0F6-D05AC7E3D814}"
EndProject
Project("{9A19103F-16F7-4668-BE54-9A1E7A4F7556}") = "Janus.Infrastructure", "Janus.Infrastructure\Janus.Infrastructure.csproj", "{345AB06C-2541-44D6-807D-9A7A300D506D}"
EndProject
Global
	GlobalSection(SolutionConfigurationPlatforms) = preSolution
		Debug|Any CPU = Debug|Any CPU
		Release|Any CPU = Release|Any CPU
	EndGlobalSection
	GlobalSection(ProjectConfigurationPlatforms) = postSolution
		{CA066242-51E3-4C4B-945D-FDE186A75FD4}.Debug|Any CPU.ActiveCfg = Debug|Any CPU
		{CA066242-51E3-4C4B-945D-FDE186A75FD4}.Debug|Any CPU.Build.0 = Debug|Any CPU
		{CA066242-51E3-4C4B-945D-FDE186A75FD4}.Release|Any CPU.ActiveCfg = Release|Any CPU
		{CA066242-51E3-4C4B-945D-FDE186A75FD4}.Release|Any CPU.Build.0 = Release|Any CPU
		{BE3C5E8D-C4E6-4F5D-8BA2-906372BE0961}.Debug|Any CPU.ActiveCfg = Debug|Any CPU
		{BE3C5E8D-C4E6-4F5D-8BA2-906372BE0961}.Debug|Any CPU.Build.0 = Debug|Any CPU
		{BE3C5E8D-C4E6-4F5D-8BA2-906372BE0961}.Release|Any CPU.ActiveCfg = Release|Any CPU
		{BE3C5E8D-C4E6-4F5D-8BA2-906372BE0961}.Release|Any CPU.Build.0 = Release|Any CPU
		{7DC17475-BEA7-49D9-B0A0-EDEB45798EB3}.Debug|Any CPU.ActiveCfg = Debug|Any CPU
		{7DC17475-BEA7-49D9-B0A0-EDEB45798EB3}.Debug|Any CPU.Build.0 = Debug|Any CPU
		{7DC17475-BEA7-49D9-B0A0-EDEB45798EB3}.Release|Any CPU.ActiveCfg = Release|Any CPU
		{7DC17475-BEA7-49D9-B0A0-EDEB45798EB3}.Release|Any CPU.Build.0 = Release|Any CPU
		{A5C642CC-CFBF-4FA1-B0F6-D05AC7E3D814}.Debug|Any CPU.ActiveCfg = Debug|Any CPU
		{A5C642CC-CFBF-4FA1-B0F6-D05AC7E3D814}.Debug|Any CPU.Build.0 = Debug|Any CPU
		{A5C642CC-CFBF-4FA1-B0F6-D05AC7E3D814}.Release|Any CPU.ActiveCfg = Release|Any CPU
		{A5C642CC-CFBF-4FA1-B0F6-D05AC7E3D814}.Release|Any CPU.Build.0 = Release|Any CPU
		{345AB06C-2541-44D6-807D-9A7A300D506D}.Debug|Any CPU.ActiveCfg = Debug|Any CPU
		{345AB06C-2541-44D6-807D-9A7A300D506D}.Debug|Any CPU.Build.0 = Debug|Any CPU
		{345AB06C-2541-44D6-807D-9A7A300D506D}.Release|Any CPU.ActiveCfg = Release|Any CPU
		{345AB06C-2541-44D6-807D-9A7A300D506D}.Release|Any CPU.Build.0 = Release|Any CPU
	EndGlobalSection
	GlobalSection(SolutionProperties) = preSolution
		HideSolutionNode = FALSE
	EndGlobalSection
	GlobalSection(NestedProjects) = preSolution
		{CA066242-51E3-4C4B-945D-FDE186A75FD4} = {FACF0F4F-1527-4438-9C51-7AAC8648F6B7}
		{BE3C5E8D-C4E6-4F5D-8BA2-906372BE0961} = {FACF0F4F-1527-4438-9C51-7AAC8648F6B7}
		{7DC17475-BEA7-49D9-B0A0-EDEB45798EB3} = {FACF0F4F-1527-4438-9C51-7AAC8648F6B7}
		{A5C642CC-CFBF-4FA1-B0F6-D05AC7E3D814} = {FACF0F4F-1527-4438-9C51-7AAC8648F6B7}
		{345AB06C-2541-44D6-807D-9A7A300D506D} = {FACF0F4F-1527-4438-9C51-7AAC8648F6B7}
	EndGlobalSection
	GlobalSection(ExtensibilityGlobals) = postSolution
		SolutionGuid = {E5489D3C-1179-410D-9E6F-0BDDA163653B}
	EndGlobalSection
EndGlobal
